Microsoft Visual Studio Solution File, Format Version 12.00
# Visual Studio Version 16
VisualStudioVersion = 16.0.30225.117
MinimumVisualStudioVersion = 10.0.40219.1
Project("{9A19103F-16F7-4668-BE54-9A1E7A4F7556}") = "KeeperSdk", "KeeperSdk\KeeperSdk.csproj", "{29B50177-F7B4-46F6-B3DA-B9FEF269EEF2}"
EndProject
Project("{9A19103F-16F7-4668-BE54-9A1E7A4F7556}") = "Tests", "Tests\Tests.csproj", "{5B4AC1F3-3FEF-4701-9DF1-D20AFEF588AA}"
EndProject
Project("{FAE04EC0-301F-11D3-BF4B-00C04F79EFBC}") = "Commander", "Commander\Commander.csproj", "{8CB5CA92-64AD-47E7-AE6A-AE71249755EF}"
EndProject
Project("{F5034706-568F-408A-B7B3-4D38C6DB8A32}") = "PowerCommander", "PowerCommander\PowerCommander.pssproj", "{6CAFC0C6-A428-4D30-A9F9-700E829FEA51}"
	ProjectSection(ProjectDependencies) = postProject
		{29B50177-F7B4-46F6-B3DA-B9FEF269EEF2} = {29B50177-F7B4-46F6-B3DA-B9FEF269EEF2}
	EndProjectSection
EndProject
Project("{2150E333-8FDC-42A3-9474-1A3956D46DE8}") = "Solution Items", "Solution Items", "{5CD05D46-E97D-4149-8EAB-0406E3840DB9}"
	ProjectSection(SolutionItems) = preProject
		.editorconfig = .editorconfig
		.gitignore = .gitignore
		.github\workflows\build.yml = .github\workflows\build.yml
		.github\workflows\codeql-analysis.yml = .github\workflows\codeql-analysis.yml
		README.md = README.md
	EndProjectSection
EndProject
Project("{9A19103F-16F7-4668-BE54-9A1E7A4F7556}") = "SecurityKey", "SecurityKey\SecurityKey.csproj", "{92DC07FC-F2D1-4325-9556-3C3CD09624F4}"
EndProject
Project("{9A19103F-16F7-4668-BE54-9A1E7A4F7556}") = "Sample", "Sample\Sample.csproj", "{01037E06-F6F2-4A20-BAFE-3E56D856DEE6}"
EndProject
Project("{FAE04EC0-301F-11D3-BF4B-00C04F79EFBC}") = "WinWebAuthn", "WinWebAuthn\WinWebAuthn.csproj", "{912A6A55-C062-42FF-AAFB-13B56F74B7E5}"
EndProject
Project("{9A19103F-16F7-4668-BE54-9A1E7A4F7556}") = "OfflineStorageSqlite", "OfflineStorageSqlite\OfflineStorageSqlite.csproj", "{D306EE2A-1B22-404D-A85E-8F3AD439E769}"
EndProject
Global
	GlobalSection(SolutionConfigurationPlatforms) = preSolution
		Debug|Any CPU = Debug|Any CPU
		Release|Any CPU = Release|Any CPU
	EndGlobalSection
	GlobalSection(ProjectConfigurationPlatforms) = postSolution
		{29B50177-F7B4-46F6-B3DA-B9FEF269EEF2}.Debug|Any CPU.ActiveCfg = Debug|Any CPU
		{29B50177-F7B4-46F6-B3DA-B9FEF269EEF2}.Debug|Any CPU.Build.0 = Debug|Any CPU
		{29B50177-F7B4-46F6-B3DA-B9FEF269EEF2}.Release|Any CPU.ActiveCfg = Release|Any CPU
		{29B50177-F7B4-46F6-B3DA-B9FEF269EEF2}.Release|Any CPU.Build.0 = Release|Any CPU
		{5B4AC1F3-3FEF-4701-9DF1-D20AFEF588AA}.Debug|Any CPU.ActiveCfg = Debug|Any CPU
		{5B4AC1F3-3FEF-4701-9DF1-D20AFEF588AA}.Debug|Any CPU.Build.0 = Debug|Any CPU
		{5B4AC1F3-3FEF-4701-9DF1-D20AFEF588AA}.Release|Any CPU.ActiveCfg = Release|Any CPU
		{8CB5CA92-64AD-47E7-AE6A-AE71249755EF}.Debug|Any CPU.ActiveCfg = Debug|Any CPU
		{8CB5CA92-64AD-47E7-AE6A-AE71249755EF}.Debug|Any CPU.Build.0 = Debug|Any CPU
		{8CB5CA92-64AD-47E7-AE6A-AE71249755EF}.Release|Any CPU.ActiveCfg = Release|Any CPU
		{8CB5CA92-64AD-47E7-AE6A-AE71249755EF}.Release|Any CPU.Build.0 = Release|Any CPU
		{6CAFC0C6-A428-4D30-A9F9-700E829FEA51}.Debug|Any CPU.ActiveCfg = Debug|Any CPU
		{6CAFC0C6-A428-4D30-A9F9-700E829FEA51}.Debug|Any CPU.Build.0 = Debug|Any CPU
		{6CAFC0C6-A428-4D30-A9F9-700E829FEA51}.Release|Any CPU.ActiveCfg = Release|Any CPU
		{6CAFC0C6-A428-4D30-A9F9-700E829FEA51}.Release|Any CPU.Build.0 = Release|Any CPU
		{92DC07FC-F2D1-4325-9556-3C3CD09624F4}.Debug|Any CPU.ActiveCfg = Debug|Any CPU
		{92DC07FC-F2D1-4325-9556-3C3CD09624F4}.Debug|Any CPU.Build.0 = Debug|Any CPU
		{92DC07FC-F2D1-4325-9556-3C3CD09624F4}.Release|Any CPU.ActiveCfg = Release|Any CPU
		{92DC07FC-F2D1-4325-9556-3C3CD09624F4}.Release|Any CPU.Build.0 = Release|Any CPU
		{01037E06-F6F2-4A20-BAFE-3E56D856DEE6}.Debug|Any CPU.ActiveCfg = Debug|Any CPU
		{01037E06-F6F2-4A20-BAFE-3E56D856DEE6}.Debug|Any CPU.Build.0 = Debug|Any CPU
		{01037E06-F6F2-4A20-BAFE-3E56D856DEE6}.Release|Any CPU.ActiveCfg = Release|Any CPU
		{01037E06-F6F2-4A20-BAFE-3E56D856DEE6}.Release|Any CPU.Build.0 = Release|Any CPU
		{912A6A55-C062-42FF-AAFB-13B56F74B7E5}.Debug|Any CPU.ActiveCfg = Debug|Any CPU
		{912A6A55-C062-42FF-AAFB-13B56F74B7E5}.Debug|Any CPU.Build.0 = Debug|Any CPU
		{912A6A55-C062-42FF-AAFB-13B56F74B7E5}.Release|Any CPU.ActiveCfg = Release|Any CPU
		{912A6A55-C062-42FF-AAFB-13B56F74B7E5}.Release|Any CPU.Build.0 = Release|Any CPU
		{D306EE2A-1B22-404D-A85E-8F3AD439E769}.Debug|Any CPU.ActiveCfg = Debug|Any CPU
		{D306EE2A-1B22-404D-A85E-8F3AD439E769}.Debug|Any CPU.Build.0 = Debug|Any CPU
		{D306EE2A-1B22-404D-A85E-8F3AD439E769}.Release|Any CPU.ActiveCfg = Release|Any CPU
		{D306EE2A-1B22-404D-A85E-8F3AD439E769}.Release|Any CPU.Build.0 = Release|Any CPU
	EndGlobalSection
	GlobalSection(SolutionProperties) = preSolution
		HideSolutionNode = FALSE
	EndGlobalSection
	GlobalSection(ExtensibilityGlobals) = postSolution
		SolutionGuid = {1E1878D3-22CF-4F1A-BA9D-695D3C8892B0}
	EndGlobalSection
EndGlobal
